{
  "name": "tonyoudianshangpingtai",
  "lockfileVersion": 3,
  "requires": true,
  "packages": {
    "": {
      "dependencies": {
        "aliyun_numberauthsdk_web": "^2.1.15"
      }
    },
    "node_modules/@babel/runtime": {
      "version": "7.28.6",
      "resolved": "https://registry.npmjs.org/@babel/runtime/-/runtime-7.28.6.tgz",
      "integrity": "sha512-05WQkdpL9COIMz4LjTxGpPNCdlpyimKppYNoJ5Di5EUObifl8t4tuLuUBBZEpoLYOmfvIWrsp9fCl0HoPRVTdA==",
      "license": "MIT",
      "engines": {
        "node": ">=6.9.0"
      }
    },
    "node_modules/@floating-ui/core": {
      "version": "1.7.5",
      "resolved": "https://registry.npmjs.org/@floating-ui/core/-/core-1.7.5.tgz",
      "integrity": "sha512-1Ih4WTWyw0+lKyFMcBHGbb5U5FtuHJuujoyyr5zTaWS5EYMeT6Jb2AuDeftsCsEuchO+mM2ij5+q9crhydzLhQ==",
      "license": "MIT",
      "dependencies": {
        "@floating-ui/utils": "^0.2.11"
      }
    },
    "node_modules/@floating-ui/dom": {
      "version": "1.7.6",
      "resolved": "https://registry.npmjs.org/@floating-ui/dom/-/dom-1.7.6.tgz",
      "integrity": "sha512-9gZSAI5XM36880PPMm//9dfiEngYoC6Am2izES1FF406YFsjvyBMmeJ2g4SAju3xWwtuynNRFL2s9hgxpLI5SQ==",
      "license": "MIT",
      "dependencies": {
        "@floating-ui/core": "^1.7.5",
        "@floating-ui/utils": "^0.2.11"
      }
    },
    "node_modules/@floating-ui/utils": {
      "version": "0.2.11",
      "resolved": "https://registry.npmjs.org/@floating-ui/utils/-/utils-0.2.11.tgz",
      "integrity": "sha512-RiB/yIh78pcIxl6lLMG0CgBXAZ2Y0eVHqMPYugu+9U0AeT6YBeiJpf7lbdJNIugFP5SIjwNRgo4DhR1Qxi26Gg==",
      "license": "MIT"
    },
    "node_modules/@rc-component/mini-decimal": {
      "version": "1.1.0",
      "resolved": "https://registry.npmjs.org/@rc-component/mini-decimal/-/mini-decimal-1.1.0.tgz",
      "integrity": "sha512-jS4E7T9Li2GuYwI6PyiVXmxTiM6b07rlD9Ge8uGZSCz3WlzcG5ZK7g5bbuKNeZ9pgUuPK/5guV781ujdVpm4HQ==",
      "license": "MIT",
      "dependencies": {
        "@babel/runtime": "^7.18.0"
      },
      "engines": {
        "node": ">=8.x"
      }
    },
    "node_modules/@react-spring/animated": {
      "version": "9.6.1",
      "resolved": "https://registry.npmjs.org/@react-spring/animated/-/animated-9.6.1.tgz",
      "integrity": "sha512-ls/rJBrAqiAYozjLo5EPPLLOb1LM0lNVQcXODTC1SMtS6DbuBCPaKco5svFUQFMP2dso3O+qcC4k9FsKc0KxMQ==",
      "license": "MIT",
      "dependencies": {
        "@react-spring/shared": "~9.6.1",
        "@react-spring/types": "~9.6.1"
      },
      "peerDependencies": {
        "react": "^16.8.0 || ^17.0.0 || ^18.0.0"
      }
    },
    "node_modules/@react-spring/core": {
      "version": "9.6.1",
      "resolved": "https://registry.npmjs.org/@react-spring/core/-/core-9.6.1.tgz",
      "integrity": "sha512-3HAAinAyCPessyQNNXe5W0OHzRfa8Yo5P748paPcmMowZ/4sMfaZ2ZB6e5x5khQI8NusOHj8nquoutd6FRY5WQ==",
      "license": "MIT",
      "dependencies": {
        "@react-spring/animated": "~9.6.1",
        "@react-spring/rafz": "~9.6.1",
        "@react-spring/shared": "~9.6.1",
        "@react-spring/types": "~9.6.1"
      },
      "funding": {
        "type": "opencollective",
        "url": "https://opencollective.com/react-spring/donate"
      },
      "peerDependencies": {
        "react": "^16.8.0 || ^17.0.0 || ^18.0.0"
      }
    },
    "node_modules/@react-spring/rafz": {
      "version": "9.6.1",
      "resolved": "https://registry.npmjs.org/@react-spring/rafz/-/rafz-9.6.1.tgz",
      "integrity": "sha512-v6qbgNRpztJFFfSE3e2W1Uz+g8KnIBs6SmzCzcVVF61GdGfGOuBrbjIcp+nUz301awVmREKi4eMQb2Ab2gGgyQ==",
      "license": "MIT"
    },
    "node_modules/@react-spring/shared": {
      "version": "9.6.1",
      "resolved": "https://registry.npmjs.org/@react-spring/shared/-/shared-9.6.1.tgz",
      "integrity": "sha512-PBFBXabxFEuF8enNLkVqMC9h5uLRBo6GQhRMQT/nRTnemVENimgRd+0ZT4yFnAQ0AxWNiJfX3qux+bW2LbG6Bw==",
      "license": "MIT",
      "dependencies": {
        "@react-spring/rafz": "~9.6.1",
        "@react-spring/types": "~9.6.1"
      },
      "peerDependencies": {
        "react": "^16.8.0 || ^17.0.0 || ^18.0.0"
      }
    },
    "node_modules/@react-spring/types": {
      "version": "9.6.1",
      "resolved": "https://registry.npmjs.org/@react-spring/types/-/types-9.6.1.tgz",
      "integrity": "sha512-POu8Mk0hIU3lRXB3bGIGe4VHIwwDsQyoD1F394OK7STTiX9w4dG3cTLljjYswkQN+hDSHRrj4O36kuVa7KPU8Q==",
      "license": "MIT"
    },
    "node_modules/@react-spring/web": {
      "version": "9.6.1",
      "resolved": "https://registry.npmjs.org/@react-spring/web/-/web-9.6.1.tgz",
      "integrity": "sha512-X2zR6q2Z+FjsWfGAmAXlQaoUHbPmfuCaXpuM6TcwXPpLE1ZD4A1eys/wpXboFQmDkjnrlTmKvpVna1MjWpZ5Hw==",
      "license": "MIT",
      "dependencies": {
        "@react-spring/animated": "~9.6.1",
        "@react-spring/core": "~9.6.1",
        "@react-spring/shared": "~9.6.1",
        "@react-spring/types": "~9.6.1"
      },
      "peerDependencies": {
        "react": "^16.8.0 || ^17.0.0 || ^18.0.0",
        "react-dom": "^16.8.0 || ^17.0.0 || ^18.0.0"
      }
    },
    "node_modules/@types/js-cookie": {
      "version": "3.0.6",
      "resolved": "https://registry.npmjs.org/@types/js-cookie/-/js-cookie-3.0.6.tgz",
      "integrity": "sha512-wkw9yd1kEXOPnvEeEV1Go1MmxtBJL0RR79aOTAApecWFVu7w0NNXNqhcWgvw2YgZDYadliXkl14pa3WXw5jlCQ==",
      "license": "MIT"
    },
    "node_modules/@use-gesture/core": {
      "version": "10.3.0",
      "resolved": "https://registry.npmjs.org/@use-gesture/core/-/core-10.3.0.tgz",
      "integrity": "sha512-rh+6MND31zfHcy9VU3dOZCqGY511lvGcfyJenN4cWZe0u1BH6brBpBddLVXhF2r4BMqWbvxfsbL7D287thJU2A==",
      "license": "MIT"
    },
    "node_modules/@use-gesture/react": {
      "version": "10.3.0",
      "resolved": "https://registry.npmjs.org/@use-gesture/react/-/react-10.3.0.tgz",
      "integrity": "sha512-3zc+Ve99z4usVP6l9knYVbVnZgfqhKah7sIG+PS2w+vpig2v2OLct05vs+ZXMzwxdNCMka8B+8WlOo0z6Pn6DA==",
      "license": "MIT",
      "dependencies": {
        "@use-gesture/core": "10.3.0"
      },
      "peerDependencies": {
        "react": ">= 16.8.0"
      }
    },
    "node_modules/ahooks": {
      "version": "3.9.6",
      "resolved": "https://registry.npmjs.org/ahooks/-/ahooks-3.9.6.tgz",
      "integrity": "sha512-Mr7f05swd5SmKlR9SZo5U6M0LsL4ErweLzpdgXjA1JPmnZ78Vr6wzx0jUtvoxrcqGKYnX0Yjc02iEASVxHFPjQ==",
      "license": "MIT",
      "dependencies": {
        "@babel/runtime": "^7.21.0",
        "@types/js-cookie": "^3.0.6",
        "dayjs": "^1.9.1",
        "intersection-observer": "^0.12.0",
        "js-cookie": "^3.0.5",
        "lodash": "^4.17.21",
        "react-fast-compare": "^3.2.2",
        "resize-observer-polyfill": "^1.5.1",
        "screenfull": "^5.0.0",
        "tslib": "^2.4.1"
      },
      "peerDependencies": {
        "react": "^16.8.0 || ^17.0.0 || ^18.0.0 || ^19.0.0",
        "react-dom": "^16.8.0 || ^17.0.0 || ^18.0.0 || ^19.0.0"
      }
    },
    "node_modules/aliyun_numberauthsdk_web": {
      "version": "2.1.15",
      "resolved": "https://registry.npmjs.org/aliyun_numberauthsdk_web/-/aliyun_numberauthsdk_web-2.1.15.tgz",
      "integrity": "sha512-R9K0uM12hM7zhw38fCIJApeNf5x693CKZMNTv+461GfEDeDGaw22KA0xrLnOsX3S+l82EXdwZiHBwluSXIGT6w==",
      "license": "ISC",
      "dependencies": {
        "antd-mobile": "^5.28.1",
        "axios": "^0.19.2",
        "crypto-js": "^3.1.9-1",
        "js-md5": "^0.7.3",
        "jsencrypt": "^3.0.0-rc.1",
        "react": "^17.0.2",
        "react-dom": "^17.0.2",
        "ua-parser-js": "^0.7.21",
        "uuid": "^8.3.0"
      }
    },
    "node_modules/antd-mobile": {
      "version": "5.42.3",
      "resolved": "https://registry.npmjs.org/antd-mobile/-/antd-mobile-5.42.3.tgz",
      "integrity": "sha512-HLykA0Cr2am7dgEch/TRUnr4GHgTOM59rA9CVjgBJVVJ8dk2w8uUBz//Bji19sRH2leiUObWY7KQZpsWF+WQeg==",
      "license": "MIT",
      "dependencies": {
        "@floating-ui/dom": "^1.4.2",
        "@rc-component/mini-decimal": "^1.1.0",
        "@react-spring/web": "~9.6.1",
        "@use-gesture/react": "10.3.0",
        "ahooks": "^3.7.6",
        "antd-mobile-icons": "^0.3.0",
        "antd-mobile-v5-count": "^1.0.1",
        "classnames": "^2.3.2",
        "dayjs": "^1.11.7",
        "deepmerge": "^4.3.1",
        "nano-memoize": "^3.0.16",
        "rc-field-form": "^1.34.2",
        "rc-segmented": "~2.4.1",
        "rc-util": "^5.44.4",
        "react-fast-compare": "^3.2.2",
        "react-is": "^18.2.0",
        "runes2": "^1.1.2",
        "staged-components": "^1.1.3",
        "tslib": "^2.5.0",
        "use-sync-external-store": "^1.2.0"
      },
      "peerDependencies": {
        "react": "^16.8.0 || ^17.0.0 || ^18.0.0 || ^19.0.0",
        "react-dom": "^16.8.0 || ^17.0.0 || ^18.0.0 || ^19.0.0"
      }
    },
    "node_modules/antd-mobile-icons": {
      "version": "0.3.0",
      "resolved": "https://registry.npmjs.org/antd-mobile-icons/-/antd-mobile-icons-0.3.0.tgz",
      "integrity": "sha512-rqINQpJWZWrva9moCd1Ye695MZYWmqLPE+bY8d2xLRy7iSQwPsinCdZYjpUPp2zL/LnKYSyXxP2ut2A+DC+whQ==",
      "license": "MIT"
    },
    "node_modules/antd-mobile-v5-count": {
      "version": "1.0.1",
      "resolved": "https://registry.npmjs.org/antd-mobile-v5-count/-/antd-mobile-v5-count-1.0.1.tgz",
      "integrity": "sha512-YGsiEDCPUDz3SzfXi6gLZn/HpeSMW+jgPc4qiYUr1fSopg3hkUie2TnooJdExgfiETHefH3Ggs58He0OVfegLA==",
      "license": "MIT"
    },
    "node_modules/async-validator": {
      "version": "4.2.5",
      "resolved": "https://registry.npmjs.org/async-validator/-/async-validator-4.2.5.tgz",
      "integrity": "sha512-7HhHjtERjqlNbZtqNqy2rckN/SpOOlmDliet+lP7k+eKZEjPk3DgyeU9lIXLdeLz0uBbbVp+9Qdow9wJWgwwfg==",
      "license": "MIT"
    },
    "node_modules/axios": {
      "version": "0.19.2",
      "resolved": "https://registry.npmjs.org/axios/-/axios-0.19.2.tgz",
      "integrity": "sha512-fjgm5MvRHLhx+osE2xoekY70AhARk3a6hkN+3Io1jc00jtquGvxYlKlsFUhmUET0V5te6CcZI7lcv2Ym61mjHA==",
      "deprecated": "Critical security vulnerability fixed in v0.21.1. For more information, see https://github.com/axios/axios/pull/3410",
      "license": "MIT",
      "dependencies": {
        "follow-redirects": "1.5.10"
      }
    },
    "node_modules/classnames": {
      "version": "2.5.1",
      "resolved": "https://registry.npmjs.org/classnames/-/classnames-2.5.1.tgz",
      "integrity": "sha512-saHYOzhIQs6wy2sVxTM6bUDsQO4F50V9RQ22qBpEdCW+I+/Wmke2HOl6lS6dTpdxVhb88/I6+Hs+438c3lfUow==",
      "license": "MIT"
    },
    "node_modules/crypto-js": {
      "version": "3.3.0",
      "resolved": "https://registry.npmjs.org/crypto-js/-/crypto-js-3.3.0.tgz",
      "integrity": "sha512-DIT51nX0dCfKltpRiXV+/TVZq+Qq2NgF4644+K7Ttnla7zEzqc+kjJyiB96BHNyUTBxyjzRcZYpUdZa+QAqi6Q==",
      "license": "MIT"
    },
    "node_modules/dayjs": {
      "version": "1.11.19",
      "resolved": "https://registry.npmjs.org/dayjs/-/dayjs-1.11.19.tgz",
      "integrity": "sha512-t5EcLVS6QPBNqM2z8fakk/NKel+Xzshgt8FFKAn+qwlD1pzZWxh0nVCrvFK7ZDb6XucZeF9z8C7CBWTRIVApAw==",
      "license": "MIT"
    },
    "node_modules/debug": {
      "version": "3.1.0",
      "resolved": "https://registry.npmjs.org/debug/-/debug-3.1.0.tgz",
      "integrity": "sha512-OX8XqP7/1a9cqkxYw2yXss15f26NKWBpDXQd0/uK/KPqdQhxbPa994hnzjcE2VqQpDslf55723cKPUOGSmMY3g==",
      "license": "MIT",
      "dependencies": {
        "ms": "2.0.0"
      }
    },
    "node_modules/deepmerge": {
      "version": "4.3.1",
      "resolved": "https://registry.npmjs.org/deepmerge/-/deepmerge-4.3.1.tgz",
      "integrity": "sha512-3sUqbMEc77XqpdNO7FRyRog+eW3ph+GYCbj+rK+uYyRMuwsVy0rMiVtPn+QJlKFvWP/1PYpapqYn0Me2knFn+A==",
      "license": "MIT",
      "engines": {
        "node": ">=0.10.0"
      }
    },
    "node_modules/follow-redirects": {
      "version": "1.5.10",
      "resolved": "https://registry.npmjs.org/follow-redirects/-/follow-redirects-1.5.10.tgz",
      "integrity": "sha512-0V5l4Cizzvqt5D44aTXbFZz+FtyXV1vrDN6qrelxtfYQKW0KO0W2T/hkE8xvGa/540LkZlkaUjO4ailYTFtHVQ==",
      "license": "MIT",
      "dependencies": {
        "debug": "=3.1.0"
      },
      "engines": {
        "node": ">=4.0"
      }
    },
    "node_modules/intersection-observer": {
      "version": "0.12.2",
      "resolved": "https://registry.npmjs.org/intersection-observer/-/intersection-observer-0.12.2.tgz",
      "integrity": "sha512-7m1vEcPCxXYI8HqnL8CKI6siDyD+eIWSwgB3DZA+ZTogxk9I4CDnj4wilt9x/+/QbHI4YG5YZNmC6458/e9Ktg==",
      "deprecated": "The Intersection Observer polyfill is no longer needed and can safely be removed. Intersection Observer has been Baseline since 2019.",
      "license": "Apache-2.0"
    },
    "node_modules/js-cookie": {
      "version": "3.0.5",
      "resolved": "https://registry.npmjs.org/js-cookie/-/js-cookie-3.0.5.tgz",
      "integrity": "sha512-cEiJEAEoIbWfCZYKWhVwFuvPX1gETRYPw6LlaTKoxD3s2AkXzkCjnp6h0V77ozyqj0jakteJ4YqDJT830+lVGw==",
      "license": "MIT",
      "engines": {
        "node": ">=14"
      }
    },
    "node_modules/js-md5": {
      "version": "0.7.3",
      "resolved": "https://registry.npmjs.org/js-md5/-/js-md5-0.7.3.tgz",
      "integrity": "sha512-ZC41vPSTLKGwIRjqDh8DfXoCrdQIyBgspJVPXHBGu4nZlAEvG3nf+jO9avM9RmLiGakg7vz974ms99nEV0tmTQ==",
      "license": "MIT"
    },
    "node_modules/js-tokens": {
      "version": "4.0.0",
      "resolved": "https://registry.npmjs.org/js-tokens/-/js-tokens-4.0.0.tgz",
      "integrity": "sha512-RdJUflcE3cUzKiMqQgsCu06FPu9UdIJO0beYbPhHN4k6apgJtifcoCtT9bcxOpYBtpD2kCM6Sbzg4CausW/PKQ==",
      "license": "MIT"
    },
    "node_modules/jsencrypt": {
      "version": "3.5.4",
      "resolved": "https://registry.npmjs.org/jsencrypt/-/jsencrypt-3.5.4.tgz",
      "integrity": "sha512-kNjfYEMNASxrDGsmcSQh/rUTmcoRfSUkxnAz+MMywM8jtGu+fFEZ3nJjHM58zscVnwR0fYmG9sGkTDjqUdpiwA==",
      "license": "MIT"
    },
    "node_modules/lodash": {
      "version": "4.17.23",
      "resolved": "https://registry.npmjs.org/lodash/-/lodash-4.17.23.tgz",
      "integrity": "sha512-LgVTMpQtIopCi79SJeDiP0TfWi5CNEc/L/aRdTh3yIvmZXTnheWpKjSZhnvMl8iXbC1tFg9gdHHDMLoV7CnG+w==",
      "license": "MIT"
    },
    "node_modules/loose-envify": {
      "version": "1.4.0",
      "resolved": "https://registry.npmjs.org/loose-envify/-/loose-envify-1.4.0.tgz",
      "integrity": "sha512-lyuxPGr/Wfhrlem2CL/UcnUc1zcqKAImBDzukY7Y5F/yQiNdko6+fRLevlw1HgMySw7f611UIY408EtxRSoK3Q==",
      "license": "MIT",
      "dependencies": {
        "js-tokens": "^3.0.0 || ^4.0.0"
      },
      "bin": {
        "loose-envify": "cli.js"
      }
    },
    "node_modules/ms": {
      "version": "2.0.0",
      "resolved": "https://registry.npmjs.org/ms/-/ms-2.0.0.tgz",
      "integrity": "sha512-Tpp60P6IUJDTuOq/5Z8cdskzJujfwqfOTkrwIwj7IRISpnkJnT6SyJ4PCPnGMoFjC9ddhal5KVIYtAt97ix05A==",
      "license": "MIT"
    },
    "node_modules/nano-memoize": {
      "version": "3.0.16",
      "resolved": "https://registry.npmjs.org/nano-memoize/-/nano-memoize-3.0.16.tgz",
      "integrity": "sha512-JyK96AKVGAwVeMj3MoMhaSXaUNqgMbCRSQB3trUV8tYZfWEzqUBKdK1qJpfuNXgKeHOx1jv/IEYTM659ly7zUA==",
      "license": "MIT"
    },
    "node_modules/object-assign": {
      "version": "4.1.1",
      "resolved": "https://registry.npmjs.org/object-assign/-/object-assign-4.1.1.tgz",
      "integrity": "sha512-rJgTQnkUnH1sFw8yT6VSU3zD3sWmu6sZhIseY8VX+GRu3P6F7Fu+JNDoXfklElbLJSnc3FUQHVe4cU5hj+BcUg==",
      "license": "MIT",
      "engines": {
        "node": ">=0.10.0"
      }
    },
    "node_modules/rc-field-form": {
      "version": "1.44.0",
      "resolved": "https://registry.npmjs.org/rc-field-form/-/rc-field-form-1.44.0.tgz",
      "integrity": "sha512-el7w87fyDUsca63Y/s8qJcq9kNkf/J5h+iTdqG5WsSHLH0e6Usl7QuYSmSVzJMgtp40mOVZIY/W/QP9zwrp1FA==",
      "license": "MIT",
      "dependencies": {
        "@babel/runtime": "^7.18.0",
        "async-validator": "^4.1.0",
        "rc-util": "^5.32.2"
      },
      "engines": {
        "node": ">=8.x"
      },
      "peerDependencies": {
        "react": ">=16.9.0",
        "react-dom": ">=16.9.0"
      }
    },
    "node_modules/rc-motion": {
      "version": "2.9.5",
      "resolved": "https://registry.npmjs.org/rc-motion/-/rc-motion-2.9.5.tgz",
      "integrity": "sha512-w+XTUrfh7ArbYEd2582uDrEhmBHwK1ZENJiSJVb7uRxdE7qJSYjbO2eksRXmndqyKqKoYPc9ClpPh5242mV1vA==",
      "license": "MIT",
      "dependencies": {
        "@babel/runtime": "^7.11.1",
        "classnames": "^2.2.1",
        "rc-util": "^5.44.0"
      },
      "peerDependencies": {
        "react": ">=16.9.0",
        "react-dom": ">=16.9.0"
      }
    },
    "node_modules/rc-segmented": {
      "version": "2.4.1",
      "resolved": "https://registry.npmjs.org/rc-segmented/-/rc-segmented-2.4.1.tgz",
      "integrity": "sha512-KUi+JJFdKnumV9iXlm+BJ00O4NdVBp2TEexLCk6bK1x/RH83TvYKQMzIz/7m3UTRPD08RM/8VG/JNjWgWbd4cw==",
      "license": "MIT",
      "dependencies": {
        "@babel/runtime": "^7.11.1",
        "classnames": "^2.2.1",
        "rc-motion": "^2.4.4",
        "rc-util": "^5.17.0"
      },
      "peerDependencies": {
        "react": ">=16.0.0",
        "react-dom": ">=16.0.0"
      }
    },
    "node_modules/rc-util": {
      "version": "5.44.4",
      "resolved": "https://registry.npmjs.org/rc-util/-/rc-util-5.44.4.tgz",
      "integrity": "sha512-resueRJzmHG9Q6rI/DfK6Kdv9/Lfls05vzMs1Sk3M2P+3cJa+MakaZyWY8IPfehVuhPJFKrIY1IK4GqbiaiY5w==",
      "license": "MIT",
      "dependencies": {
        "@babel/runtime": "^7.18.3",
        "react-is": "^18.2.0"
      },
      "peerDependencies": {
        "react": ">=16.9.0",
        "react-dom": ">=16.9.0"
      }
    },
    "node_modules/react": {
      "version": "17.0.2",
      "resolved": "https://registry.npmjs.org/react/-/react-17.0.2.tgz",
      "integrity": "sha512-gnhPt75i/dq/z3/6q/0asP78D0u592D5L1pd7M8P+dck6Fu/jJeL6iVVK23fptSUZj8Vjf++7wXA8UNclGQcbA==",
      "license": "MIT",
      "dependencies": {
        "loose-envify": "^1.1.0",
        "object-assign": "^4.1.1"
      },
      "engines": {
        "node": ">=0.10.0"
      }
    },
    "node_modules/react-dom": {
      "version": "17.0.2",
      "resolved": "https://registry.npmjs.org/react-dom/-/react-dom-17.0.2.tgz",
      "integrity": "sha512-s4h96KtLDUQlsENhMn1ar8t2bEa+q/YAtj8pPPdIjPDGBDIVNsrD9aXNWqspUe6AzKCIG0C1HZZLqLV7qpOBGA==",
      "license": "MIT",
      "dependencies": {
        "loose-envify": "^1.1.0",
        "object-assign": "^4.1.1",
        "scheduler": "^0.20.2"
      },
      "peerDependencies": {
        "react": "17.0.2"
      }
    },
    "node_modules/react-fast-compare": {
      "version": "3.2.2",
      "resolved": "https://registry.npmjs.org/react-fast-compare/-/react-fast-compare-3.2.2.tgz",
      "integrity": "sha512-nsO+KSNgo1SbJqJEYRE9ERzo7YtYbou/OqjSQKxV7jcKox7+usiUVZOAC+XnDOABXggQTno0Y1CpVnuWEc1boQ==",
      "license": "MIT"
    },
    "node_modules/react-is": {
      "version": "18.3.1",
      "resolved": "https://registry.npmjs.org/react-is/-/react-is-18.3.1.tgz",
      "integrity": "sha512-/LLMVyas0ljjAtoYiPqYiL8VWXzUUdThrmU5+n20DZv+a+ClRoevUzw5JxU+Ieh5/c87ytoTBV9G1FiKfNJdmg==",
      "license": "MIT"
    },
    "node_modules/resize-observer-polyfill": {
      "version": "1.5.1",
      "resolved": "https://registry.npmjs.org/resize-observer-polyfill/-/resize-observer-polyfill-1.5.1.tgz",
      "integrity": "sha512-LwZrotdHOo12nQuZlHEmtuXdqGoOD0OhaxopaNFxWzInpEgaLWoVuAMbTzixuosCx2nEG58ngzW3vxdWoxIgdg==",
      "license": "MIT"
    },
    "node_modules/runes2": {
      "version": "1.1.4",
      "resolved": "https://registry.npmjs.org/runes2/-/runes2-1.1.4.tgz",
      "integrity": "sha512-LNPnEDPOOU4ehF71m5JoQyzT2yxwD6ZreFJ7MxZUAoMKNMY1XrAo60H1CUoX5ncSm0rIuKlqn9JZNRrRkNou2g==",
      "license": "MIT"
    },
    "node_modules/scheduler": {
      "version": "0.20.2",
      "resolved": "https://registry.npmjs.org/scheduler/-/scheduler-0.20.2.tgz",
      "integrity": "sha512-2eWfGgAqqWFGqtdMmcL5zCMK1U8KlXv8SQFGglL3CEtd0aDVDWgeF/YoCmvln55m5zSk3J/20hTaSBeSObsQDQ==",
      "license": "MIT",
      "dependencies": {
        "loose-envify": "^1.1.0",
        "object-assign": "^4.1.1"
      }
    },
    "node_modules/screenfull": {
      "version": "5.2.0",
      "resolved": "https://registry.npmjs.org/screenfull/-/screenfull-5.2.0.tgz",
      "integrity": "sha512-9BakfsO2aUQN2K9Fdbj87RJIEZ82Q9IGim7FqM5OsebfoFC6ZHXgDq/KvniuLTPdeM8wY2o6Dj3WQ7KeQCj3cA==",
      "license": "MIT",
      "engines": {
        "node": ">=0.10.0"
      },
      "funding": {
        "url": "https://github.com/sponsors/sindresorhus"
      }
    },
    "node_modules/staged-components": {
      "version": "1.1.3",
      "resolved": "https://registry.npmjs.org/staged-components/-/staged-components-1.1.3.tgz",
      "integrity": "sha512-9EIswzDqjwlEu+ymkV09TTlJfzSbKgEnNteUnZSTxkpMgr5Wx2CzzA9WcMFWBNCldqVPsHVnRGGrApduq2Se5A==",
      "license": "MIT",
      "peerDependencies": {
        "react": "^16.8.0 || ^17.0.0 || ^18.0.0"
      }
    },
    "node_modules/tslib": {
      "version": "2.8.1",
      "resolved": "https://registry.npmjs.org/tslib/-/tslib-2.8.1.tgz",
      "integrity": "sha512-oJFu94HQb+KVduSUQL7wnpmqnfmLsOA/nAh6b6EH0wCEoK0/mPeXU6c3wKDV83MkOuHPRHtSXKKU99IBazS/2w==",
      "license": "0BSD"
    },
    "node_modules/ua-parser-js": {
      "version": "0.7.41",
      "resolved": "https://registry.npmjs.org/ua-parser-js/-/ua-parser-js-0.7.41.tgz",
      "integrity": "sha512-O3oYyCMPYgNNHuO7Jjk3uacJWZF8loBgwrfd/5LE/HyZ3lUIOdniQ7DNXJcIgZbwioZxk0fLfI4EVnetdiX5jg==",
      "funding": [
        {
          "type": "opencollective",
          "url": "https://opencollective.com/ua-parser-js"
        },
        {
          "type": "paypal",
          "url": "https://paypal.me/faisalman"
        },
        {
          "type": "github",
          "url": "https://github.com/sponsors/faisalman"
        }
      ],
      "license": "MIT",
      "bin": {
        "ua-parser-js": "script/cli.js"
      },
      "engines": {
        "node": "*"
      }
    },
    "node_modules/use-sync-external-store": {
      "version": "1.6.0",
      "resolved": "https://registry.npmjs.org/use-sync-external-store/-/use-sync-external-store-1.6.0.tgz",
      "integrity": "sha512-Pp6GSwGP/NrPIrxVFAIkOQeyw8lFenOHijQWkUTrDvrF4ALqylP2C/KCkeS9dpUM3KvYRQhna5vt7IL95+ZQ9w==",
      "license": "MIT",
      "peerDependencies": {
        "react": "^16.8.0 || ^17.0.0 || ^18.0.0 || ^19.0.0"
      }
    },
    "node_modules/uuid": {
      "version": "8.3.2",
      "resolved": "https://registry.npmjs.org/uuid/-/uuid-8.3.2.tgz",
      "integrity": "sha512-+NYs2QeMWy+GWFOEm9xnn6HCDp0l7QBD7ml8zLUmJ+93Q5NF0NocErnwkTkXVFNiX3/fpC6afS8Dhb/gz7R7eg==",
      "license": "MIT",
      "bin": {
        "uuid": "dist/bin/uuid"
      }
    }
  }
}
